// !$*UTF8*$!
{
	archiveVersion = 1;
	classes = {
	};
	objectVersion = 46;
	objects = {

/* Begin PBXBuildFile section */
		820FCB9C1CFA3F950085D25E /* AppDelegate.swift in Sources */ = {isa = PBXBuildFile; fileRef = 820FCB9B1CFA3F950085D25E /* AppDelegate.swift */; };
		820FCB9E1CFA3F950085D25E /* ViewController.swift in Sources */ = {isa = PBXBuildFile; fileRef = 820FCB9D1CFA3F950085D25E /* ViewController.swift */; };
		820FCBA11CFA3F950085D25E /* Main.storyboard in Resources */ = {isa = PBXBuildFile; fileRef = 820FCB9F1CFA3F950085D25E /* Main.storyboard */; };
		820FCBA31CFA3F950085D25E /* Assets.xcassets in Resources */ = {isa = PBXBuildFile; fileRef = 820FCBA21CFA3F950085D25E /* Assets.xcassets */; };
		820FCBA61CFA3F950085D25E /* LaunchScreen.storyboard in Resources */ = {isa = PBXBuildFile; fileRef = 820FCBA41CFA3F950085D25E /* LaunchScreen.storyboard */; };
		820FCBB11CFA3F950085D25E /* SWCraftMu_KataBowling_160527Tests.swift in Sources */ = {isa = PBXBuildFile; fileRef = 820FCBB01CFA3F950085D25E /* SWCraftMu_KataBowling_160527Tests.swift */; };
		820FCBBD1CFA42DB0085D25E /* BowlingCounter.swift in Sources */ = {isa = PBXBuildFile; fileRef = 820FCBBC1CFA42DB0085D25E /* BowlingCounter.swift */; };
		820FCBBF1CFA498B0085D25E /* SWCraftMu-KataBowling-160527-TestsMissingTries.swift in Sources */ = {isa = PBXBuildFile; fileRef = 820FCBBE1CFA498B0085D25E /* SWCraftMu-KataBowling-160527-TestsMissingTries.swift */; };
/* End PBXBuildFile section */

/* Begin PBXContainerItemProxy section */
		820FCBAD1CFA3F950085D25E /* PBXContainerItemProxy */ = {
			isa = PBXContainerItemProxy;
			containerPortal = 820FCB901CFA3F920085D25E /* Project object */;
			proxyType = 1;
			remoteGlobalIDString = 820FCB971CFA3F920085D25E;
			remoteInfo = "SWCraftMu-KataBowling-160527";
		};
/* End PBXContainerItemProxy section */

/* Begin PBXFileReference section */
		820FCB981CFA3F930085D25E /* SWCraftMu-KataBowling-160527.app */ = {isa = PBXFileReference; explicitFileType = wrapper.application; includeInIndex = 0; path = "SWCraftMu-KataBowling-160527.app"; sourceTree = BUILT_PRODUCTS_DIR; };
		820FCB9B1CFA3F950085D25E /* AppDelegate.swift */ = {isa = PBXFileReference; lastKnownFileType = sourcecode.swift; path = AppDelegate.swift; sourceTree = "<group>"; };
		820FCB9D1CFA3F950085D25E /* ViewController.swift */ = {isa = PBXFileReference; lastKnownFileType = sourcecode.swift; path = ViewController.swift; sourceTree = "<group>"; };
		820FCBA01CFA3F950085D25E /* Base */ = {isa = PBXFileReference; lastKnownFileType = file.storyboard; name = Base; path = Base.lproj/Main.storyboard; sourceTree = "<group>"; };
		820FCBA21CFA3F950085D25E /* Assets.xcassets */ = {isa = PBXFileReference; lastKnownFileType = folder.assetcatalog; path = Assets.xcassets; sourceTree = "<group>"; };
		820FCBA51CFA3F950085D25E /* Base */ = {isa = PBXFileReference; lastKnownFileType = file.storyboard; name = Base; path = Base.lproj/LaunchScreen.storyboard; sourceTree = "<group>"; };
		820FCBA71CFA3F950085D25E /* Info.plist */ = {isa = PBXFileReference; lastKnownFileType = text.plist.xml; path = Info.plist; sourceTree = "<group>"; };
		820FCBAC1CFA3F950085D25E /* SWCraftMu-KataBowling-160527Tests.xctest */ = {isa = PBXFileReference; explicitFileType = wrapper.cfbundle; includeInIndex = 0; path = "SWCraftMu-KataBowling-160527Tests.xctest"; sourceTree = BUILT_PRODUCTS_DIR; };
		820FCBB01CFA3F950085D25E /* SWCraftMu_KataBowling_160527Tests.swift */ = {isa = PBXFileReference; lastKnownFileType = sourcecode.swift; path = SWCraftMu_KataBowling_160527Tests.swift; sourceTree = "<group>"; };
		820FCBB21CFA3F950085D25E /* Info.plist */ = {isa = PBXFileReference; lastKnownFileType = text.plist.xml; path = Info.plist; sourceTree = "<group>"; };
		820FCBBC1CFA42DB0085D25E /* BowlingCounter.swift */ = {isa = PBXFileReference; fileEncoding = 4; lastKnownFileType = sourcecode.swift; name = BowlingCounter.swift; path = Kata/BowlingCounter.swift; sourceTree = "<group>"; };
		820FCBBE1CFA498B0085D25E /* SWCraftMu-KataBowling-160527-TestsMissingTries.swift */ = {isa = PBXFileReference; fileEncoding = 4; lastKnownFileType = sourcecode.swift; path = "SWCraftMu-KataBowling-160527-TestsMissingTries.swift"; sourceTree = "<group>"; };
/* End PBXFileReference section */

/* Begin PBXFrameworksBuildPhase section */
		820FCB951CFA3F920085D25E /* Frameworks */ = {
			isa = PBXFrameworksBuildPhase;
			buildActionMask = 2147483647;
			files = (
			);
			runOnlyForDeploymentPostprocessing = 0;
		};
		820FCBA91CFA3F950085D25E /* Frameworks */ = {
			isa = PBXFrameworksBuildPhase;
			buildActionMask = 2147483647;
			files = (
			);
			runOnlyForDeploymentPostprocessing = 0;
		};
/* End PBXFrameworksBuildPhase section */

/* Begin PBXGroup section */
		820FCB8F1CFA3F920085D25E = {
			isa = PBXGroup;
			children = (
				820FCB9A1CFA3F950085D25E /* SWCraftMu-KataBowling-160527 */,
				820FCBAF1CFA3F950085D25E /* SWCraftMu-KataBowling-160527Tests */,
				820FCB991CFA3F930085D25E /* Products */,
			);
			sourceTree = "<group>";
		};
		820FCB991CFA3F930085D25E /* Products */ = {
			isa = PBXGroup;
			children = (
				820FCB981CFA3F930085D25E /* SWCraftMu-KataBowling-160527.app */,
				820FCBAC1CFA3F950085D25E /* SWCraftMu-KataBowling-160527Tests.xctest */,
			);
			name = Products;
			sourceTree = "<group>";
		};
		820FCB9A1CFA3F950085D25E /* SWCraftMu-KataBowling-160527 */ = {
			isa = PBXGroup;
			children = (
				820FCBBB1CFA42AB0085D25E /* Kata */,
				820FCB9B1CFA3F950085D25E /* AppDelegate.swift */,
				820FCB9D1CFA3F950085D25E /* ViewController.swift */,
				820FCB9F1CFA3F950085D25E /* Main.storyboard */,
				820FCBA21CFA3F950085D25E /* Assets.xcassets */,
				820FCBA41CFA3F950085D25E /* LaunchScreen.storyboard */,
				820FCBA71CFA3F950085D25E /* Info.plist */,
			);
			path = "SWCraftMu-KataBowling-160527";
			sourceTree = "<group>";
		};
		820FCBAF1CFA3F950085D25E /* SWCraftMu-KataBowling-160527Tests */ = {
			isa = PBXGroup;
			children = (
				820FCBB01CFA3F950085D25E /* SWCraftMu_KataBowling_160527Tests.swift */,
				820FCBB21CFA3F950085D25E /* Info.plist */,
				820FCBBE1CFA498B0085D25E /* SWCraftMu-KataBowling-160527-TestsMissingTries.swift */,
			);
			path = "SWCraftMu-KataBowling-160527Tests";
			sourceTree = "<group>";
		};
		820FCBBB1CFA42AB0085D25E /* Kata */ = {
			isa = PBXGroup;
			children = (
				820FCBBC1CFA42DB0085D25E /* BowlingCounter.swift */,
			);
			name = Kata;
			sourceTree = "<group>";
		};
/* End PBXGroup section */

/* Begin PBXNativeTarget section */
		820FCB971CFA3F920085D25E /* SWCraftMu-KataBowling-160527 */ = {
			isa = PBXNativeTarget;
			buildConfigurationList = 820FCBB51CFA3F950085D25E /* Build configuration list for PBXNativeTarget "SWCraftMu-KataBowling-160527" */;
			buildPhases = (
				820FCB941CFA3F920085D25E /* Sources */,
				820FCB951CFA3F920085D25E /* Frameworks */,
				820FCB961CFA3F920085D25E /* Resources */,
			);
			buildRules = (
			);
			dependencies = (
			);
			name = "SWCraftMu-KataBowling-160527";
			productName = "SWCraftMu-KataBowling-160527";
			productReference = 820FCB981CFA3F930085D25E /* SWCraftMu-KataBowling-160527.app */;
			productType = "com.apple.product-type.application";
		};
		820FCBAB1CFA3F950085D25E /* SWCraftMu-KataBowling-160527Tests */ = {
			isa = PBXNativeTarget;
			buildConfigurationList = 820FCBB81CFA3F950085D25E /* Build configuration list for PBXNativeTarget "SWCraftMu-KataBowling-160527Tests" */;
			buildPhases = (
				820FCBA81CFA3F950085D25E /* Sources */,
				820FCBA91CFA3F950085D25E /* Frameworks */,
				820FCBAA1CFA3F950085D25E /* Resources */,
			);
			buildRules = (
			);
			dependencies = (
				820FCBAE1CFA3F950085D25E /* PBXTargetDependency */,
			);
			name = "SWCraftMu-KataBowling-160527Tests";
			productName = "SWCraftMu-KataBowling-160527Tests";
			productReference = 820FCBAC1CFA3F950085D25E /* SWCraftMu-KataBowling-160527Tests.xctest */;
			productType = "com.apple.product-type.bundle.unit-test";
		};
/* End PBXNativeTarget section */

/* Begin PBXProject section */
		820FCB901CFA3F920085D25E /* Project object */ = {
			isa = PBXProject;
			attributes = {
				LastSwiftUpdateCheck = 0730;
				LastUpgradeCheck = 0730;
				ORGANIZATIONNAME = ByBDesigns;
				TargetAttributes = {
					820FCB971CFA3F920085D25E = {
						CreatedOnToolsVersion = 7.3.1;
					};
					820FCBAB1CFA3F950085D25E = {
						CreatedOnToolsVersion = 7.3.1;
						TestTargetID = 820FCB971CFA3F920085D25E;
					};
				};
			};
			buildConfigurationList = 820FCB931CFA3F920085D25E /* Build configuration list for PBXProject "SWCraftMu-KataBowling-160527" */;
			compatibilityVersion = "Xcode 3.2";
			developmentRegion = English;
			hasScannedForEncodings = 0;
			knownRegions = (
				en,
				Base,
			);
			mainGroup = 820FCB8F1CFA3F920085D25E;
			productRefGroup = 820FCB991CFA3F930085D25E /* Products */;
			projectDirPath = "";
			projectRoot = "";
			targets = (
				820FCB971CFA3F920085D25E /* SWCraftMu-KataBowling-160527 */,
				820FCBAB1CFA3F950085D25E /* SWCraftMu-KataBowling-160527Tests */,
			);
		};
/* End PBXProject section */

/* Begin PBXResourcesBuildPhase section */
		820FCB961CFA3F920085D25E /* Resources */ = {
			isa = PBXResourcesBuildPhase;
			buildActionMask = 2147483647;
			files = (
				820FCBA61CFA3F950085D25E /* LaunchScreen.storyboard in Resources */,
				820FCBA31CFA3F950085D25E /* Assets.xcassets in Resources */,
				820FCBA11CFA3F950085D25E /* Main.storyboard in Resources */,
			);
			runOnlyForDeploymentPostprocessing = 0;
		};
		820FCBAA1CFA3F950085D25E /* Resources */ = {
			isa = PBXResourcesBuildPhase;
			buildActionMask = 2147483647;
			files = (
			);
			runOnlyForDeploymentPostprocessing = 0;
		};
/* End PBXResourcesBuildPhase section */

/* Begin PBXSourcesBuildPhase section */
		820FCB941CFA3F920085D25E /* Sources */ = {
			isa = PBXSourcesBuildPhase;
			buildActionMask = 2147483647;
			files = (
				820FCB9E1CFA3F950085D25E /* ViewController.swift in Sources */,
				820FCBBD1CFA42DB0085D25E /* BowlingCounter.swift in Sources */,
				820FCB9C1CFA3F950085D25E /* AppDelegate.swift in Sources */,
			);
			runOnlyForDeploymentPostprocessing = 0;
		};
		820FCBA81CFA3F950085D25E /* Sources */ = {
			isa = PBXSourcesBuildPhase;
			buildActionMask = 2147483647;
			files = (
				820FCBBF1CFA498B0085D25E /* SWCraftMu-KataBowling-160527-TestsMissingTries.swift in Sources */,
				820FCBB11CFA3F950085D25E /* SWCraftMu_KataBowling_160527Tests.swift in Sources */,
			);
			runOnlyForDeploymentPostprocessing = 0;
		};
/* End PBXSourcesBuildPhase section */

/* Begin PBXTargetDependency section */
		820FCBAE1CFA3F950085D25E /* PBXTargetDependency */ = {
			isa = PBXTargetDependency;
			target = 820FCB971CFA3F920085D25E /* SWCraftMu-KataBowling-160527 */;
			targetProxy = 820FCBAD1CFA3F950085D25E /* PBXContainerItemProxy */;
		};
/* End PBXTargetDependency section */

/* Begin PBXVariantGroup section */
		820FCB9F1CFA3F950085D25E /* Main.storyboard */ = {
			isa = PBXVariantGroup;
			children = (
				820FCBA01CFA3F950085D25E /* Base */,
			);
			name = Main.storyboard;
			sourceTree = "<group>";
		};
		820FCBA41CFA3F950085D25E /* LaunchScreen.storyboard */ = {
			isa = PBXVariantGroup;
			children = (
				820FCBA51CFA3F950085D25E /* Base */,
			);
			name = LaunchScreen.storyboard;
			sourceTree = "<group>";
		};
/* End PBXVariantGroup section */

/* Begin XCBuildConfiguration section */
		820FCBB31CFA3F950085D25E /* Debug */ = {
			isa = XCBuildConfiguration;
			buildSettings = {
				ALWAYS_SEARCH_USER_PATHS = NO;
				CLANG_ANALYZER_NONNULL = YES;
				CLANG_CXX_LANGUAGE_STANDARD = "gnu++0x";
				CLANG_CXX_LIBRARY = "libc++";
				CLANG_ENABLE_MODULES = YES;
				CLANG_ENABLE_OBJC_ARC = YES;
				CLANG_WARN_BOOL_CONVERSION = YES;
				CLANG_WARN_CONSTANT_CONVERSION = YES;
				CLANG_WARN_DIRECT_OBJC_ISA_USAGE = YES_ERROR;
				CLANG_WARN_EMPTY_BODY = YES;
				CLANG_WARN_ENUM_CONVERSION = YES;
				CLANG_WARN_INT_CONVERSION = YES;
				CLANG_WARN_OBJC_ROOT_CLASS = YES_ERROR;
				CLANG_WARN_UNREACHABLE_CODE = YES;
				CLANG_WARN__DUPLICATE_METHOD_MATCH = YES;
				"CODE_SIGN_IDENTITY[sdk=iphoneos*]" = "iPhone Developer";
				COPY_PHASE_STRIP = NO;
				DEBUG_INFORMATION_FORMAT = dwarf;
				ENABLE_STRICT_OBJC_MSGSEND = YES;
				ENABLE_TESTABILITY = YES;
				GCC_C_LANGUAGE_STANDARD = gnu99;
				GCC_DYNAMIC_NO_PIC = NO;
				GCC_NO_COMMON_BLOCKS = YES;
				GCC_OPTIMIZATION_LEVEL = 0;
				GCC_PREPROCESSOR_DEFINITIONS = (
					"DEBUG=1",
					"$(inherited)",
				);
				GCC_WARN_64_TO_32_BIT_CONVERSION = YES;
				GCC_WARN_ABOUT_RETURN_TYPE = YES_ERROR;
				GCC_WARN_UNDECLARED_SELECTOR = YES;
				GCC_WARN_UNINITIALIZED_AUTOS = YES_AGGRESSIVE;
				GCC_WARN_UNUSED_FUNCTION = YES;
				GCC_WARN_UNUSED_VARIABLE = YES;
				IPHONEOS_DEPLOYMENT_TARGET = 9.3;
				MTL_ENABLE_DEBUG_INFO = YES;
				ONLY_ACTIVE_ARCH = YES;
				SDKROOT = iphoneos;
				SWIFT_OPTIMIZATION_LEVEL = "-Onone";
				TARGETED_DEVICE_FAMILY = "1,2";
			};
			name = Debug;
		};
		820FCBB41CFA3F950085D25E /* Release */ = {
			isa = XCBuildConfiguration;
			buildSettings = {
				ALWAYS_SEARCH_USER_PATHS = NO;
				CLANG_ANALYZER_NONNULL = YES;
				CLANG_CXX_LANGUAGE_STANDARD = "gnu++0x";
				CLANG_CXX_LIBRARY = "libc++";
				CLANG_ENABLE_MODULES = YES;
				CLANG_ENABLE_OBJC_ARC = YES;
				CLANG_WARN_BOOL_CONVERSION = YES;
				CLANG_WARN_CONSTANT_CONVERSION = YES;
				CLANG_WARN_DIRECT_OBJC_ISA_USAGE = YES_ERROR;
				CLANG_WARN_EMPTY_BODY = YES;
				CLANG_WARN_ENUM_CONVERSION = YES;
				CLANG_WARN_INT_CONVERSION = YES;
				CLANG_WARN_OBJC_ROOT_CLASS = YES_ERROR;
				CLANG_WARN_UNREACHABLE_CODE = YES;
				CLANG_WARN__DUPLICATE_METHOD_MATCH = YES;
				"CODE_SIGN_IDENTITY[sdk=iphoneos*]" = "iPhone Developer";
				COPY_PHASE_STRIP = NO;
				DEBUG_INFORMATION_FORMAT = "dwarf-with-dsym";
				ENABLE_NS_ASSERTIONS = NO;
				ENABLE_STRICT_OBJC_MSGSEND = YES;
				GCC_C_LANGUAGE_STANDARD = gnu99;
				GCC_NO_COMMON_BLOCKS = YES;
				GCC_WARN_64_TO_32_BIT_CONVERSION = YES;
				GCC_WARN_ABOUT_RETURN_TYPE = YES_ERROR;
				GCC_WARN_UNDECLARED_SELECTOR = YES;
				GCC_WARN_UNINITIALIZED_AUTOS = YES_AGGRESSIVE;
				GCC_WARN_UNUSED_FUNCTION = YES;
				GCC_WARN_UNUSED_VARIABLE = YES;
				IPHONEOS_DEPLOYMENT_TARGET = 9.3;
				MTL_ENABLE_DEBUG_INFO = NO;
				SDKROOT = iphoneos;
				TARGETED_DEVICE_FAMILY = "1,2";
				VALIDATE_PRODUCT = YES;
			};
			name = Release;
		};
		820FCBB61CFA3F950085D25E /* Debug */ = {
			isa = XCBuildConfiguration;
			buildSettings = {
				ASSETCATALOG_COMPILER_APPICON_NAME = AppIcon;
				INFOPLIST_FILE = "SWCraftMu-KataBowling-160527/Info.plist";
				LD_RUNPATH_SEARCH_PATHS = "$(inherited) @executable_path/Frameworks";
				PRODUCT_BUNDLE_IDENTIFIER = "com.bybdesigns.SWCraftMu-KataBowling-160527";
				PRODUCT_NAME = "$(TARGET_NAME)";
			};
			name = Debug;
		};
		820FCBB71CFA3F950085D25E /* Release */ = {
			isa = XCBuildConfiguration;
			buildSettings = {
				ASSETCATALOG_COMPILER_APPICON_NAME = AppIcon;
				INFOPLIST_FILE = "SWCraftMu-KataBowling-160527/Info.plist";
				LD_RUNPATH_SEARCH_PATHS = "$(inherited) @executable_path/Frameworks";
				PRODUCT_BUNDLE_IDENTIFIER = "com.bybdesigns.SWCraftMu-KataBowling-160527";
				PRODUCT_NAME = "$(TARGET_NAME)";
			};
			name = Release;
		};
		820FCBB91CFA3F950085D25E /* Debug */ = {
			isa = XCBuildConfiguration;
			buildSettings = {
				BUNDLE_LOADER = "$(TEST_HOST)";
				INFOPLIST_FILE = "SWCraftMu-KataBowling-160527Tests/Info.plist";
				LD_RUNPATH_SEARCH_PATHS = "$(inherited) @executable_path/Frameworks @loader_path/Frameworks";
				PRODUCT_BUNDLE_IDENTIFIER = "com.bybdesigns.SWCraftMu-KataBowling-160527Tests";
				PRODUCT_NAME = "$(TARGET_NAME)";
				TEST_HOST = "$(BUILT_PRODUCTS_DIR)/SWCraftMu-KataBowling-160527.app/SWCraftMu-KataBowling-160527";
			};
			name = Debug;
		};
		820FCBBA1CFA3F950085D25E /* Release */ = {
			isa = XCBuildConfiguration;
			buildSettings = {
				BUNDLE_LOADER = "$(TEST_HOST)";
				INFOPLIST_FILE = "SWCraftMu-KataBowling-160527Tests/Info.plist";
				LD_RUNPATH_SEARCH_PATHS = "$(inherited) @executable_path/Frameworks @loader_path/Frameworks";
				PRODUCT_BUNDLE_IDENTIFIER = "com.bybdesigns.SWCraftMu-KataBowling-160527Tests";
				PRODUCT_NAME = "$(TARGET_NAME)";
				TEST_HOST = "$(BUILT_PRODUCTS_DIR)/SWCraftMu-KataBowling-160527.app/SWCraftMu-KataBowling-160527";
			};
			name = Release;
		};
/* End XCBuildConfiguration section */

/* Begin XCConfigurationList section */
		820FCB931CFA3F920085D25E /* Build configuration list for PBXProject "SWCraftMu-KataBowling-160527" */ = {
			isa = XCConfigurationList;
			buildConfigurations = (
				820FCBB31CFA3F950085D25E /* Debug */,
				820FCBB41CFA3F950085D25E /* Release */,
			);
			defaultConfigurationIsVisible = 0;
			defaultConfigurationName = Release;
		};
		820FCBB51CFA3F950085D25E /* Build configuration list for PBXNativeTarget "SWCraftMu-KataBowling-160527" */ = {
			isa = XCConfigurationList;
			buildConfigurations = (
				820FCBB61CFA3F950085D25E /* Debug */,
				820FCBB71CFA3F950085D25E /* Release */,
			);
			defaultConfigurationIsVisible = 0;
		};
		820FCBB81CFA3F950085D25E /* Build configuration list for PBXNativeTarget "SWCraftMu-KataBowling-160527Tests" */ = {
			isa = XCConfigurationList;
			buildConfigurations = (
				820FCBB91CFA3F950085D25E /* Debug */,
				820FCBBA1CFA3F950085D25E /* Release */,
			);
			defaultConfigurationIsVisible = 0;
		};
/* End XCConfigurationList section */
	};
	rootObject = 820FCB901CFA3F920085D25E /* Project object */;
}
